
Microsoft Visual Studio Solution File, Format Version 12.00
# Visual Studio 15
VisualStudioVersion = 15.0.27703.2042
MinimumVisualStudioVersion = 10.0.40219.1
Project("{8BC9CEB8-8B4A-11D0-8D11-00A0C91BC942}") = "BigNumber", "BigNumber\BigNumber.vcxproj", "{CECB5537-7686-466D-8D7E-B6B4178F8034}"
EndProject
Global
	GlobalSection(SolutionConfigurationPlatforms) = preSolution
		Debug|x64 = Debug|x64
		Debug|x86 = Debug|x86
		Release|x64 = Release|x64
		Release|x86 = Release|x86
	EndGlobalSection
	GlobalSection(ProjectConfigurationPlatforms) = postSolution
		{CECB5537-7686-466D-8D7E-B6B4178F8034}.Debug|x64.ActiveCfg = Debug|x64
		{CECB5537-7686-466D-8D7E-B6B4178F8034}.Debug|x64.Build.0 = Debug|x64
		{CECB5537-7686-466D-8D7E-B6B4178F8034}.Debug|x86.ActiveCfg = Debug|Win32
		{CECB5537-7686-466D-8D7E-B6B4178F8034}.Debug|x86.Build.0 = Debug|Win32
		{CECB5537-7686-466D-8D7E-B6B4178F8034}.Release|x64.ActiveCfg = Release|x64
		{CECB5537-7686-466D-8D7E-B6B4178F8034}.Release|x64.Build.0 = Release|x64
		{CECB5537-7686-466D-8D7E-B6B4178F8034}.Release|x86.ActiveCfg = Release|Win32
		{CECB5537-7686-466D-8D7E-B6B4178F8034}.Release|x86.Build.0 = Release|Win32
	EndGlobalSection
	GlobalSection(SolutionProperties) = preSolution
		HideSolutionNode = FALSE
	EndGlobalSection
	GlobalSection(ExtensibilityGlobals) = postSolution
		SolutionGuid = {9ADDEE0A-0291-4AD0-9741-AC2E700F46E8}
	EndGlobalSection
EndGlobal
