
Microsoft Visual Studio Solution File, Format Version 12.00
# Visual Studio 15
VisualStudioVersion = 15.0.28307.421
MinimumVisualStudioVersion = 10.0.40219.1
Project("{8BC9CEB8-8B4A-11D0-8D11-00A0C91BC942}") = "Polynomial", "Polynomial\Polynomial.vcxproj", "{03DC14E7-BB03-4011-83D6-086377E1A998}"
EndProject
Global
	GlobalSection(SolutionConfigurationPlatforms) = preSolution
		Debug|x64 = Debug|x64
		Debug|x86 = Debug|x86
		Release|x64 = Release|x64
		Release|x86 = Release|x86
	EndGlobalSection
	GlobalSection(ProjectConfigurationPlatforms) = postSolution
		{03DC14E7-BB03-4011-83D6-086377E1A998}.Debug|x64.ActiveCfg = Debug|x64
		{03DC14E7-BB03-4011-83D6-086377E1A998}.Debug|x64.Build.0 = Debug|x64
		{03DC14E7-BB03-4011-83D6-086377E1A998}.Debug|x86.ActiveCfg = Debug|Win32
		{03DC14E7-BB03-4011-83D6-086377E1A998}.Debug|x86.Build.0 = Debug|Win32
		{03DC14E7-BB03-4011-83D6-086377E1A998}.Release|x64.ActiveCfg = Release|x64
		{03DC14E7-BB03-4011-83D6-086377E1A998}.Release|x64.Build.0 = Release|x64
		{03DC14E7-BB03-4011-83D6-086377E1A998}.Release|x86.ActiveCfg = Release|Win32
		{03DC14E7-BB03-4011-83D6-086377E1A998}.Release|x86.Build.0 = Release|Win32
	EndGlobalSection
	GlobalSection(SolutionProperties) = preSolution
		HideSolutionNode = FALSE
	EndGlobalSection
	GlobalSection(ExtensibilityGlobals) = postSolution
		SolutionGuid = {B7A3366E-AA21-4023-97A6-2E8E8593F2E2}
	EndGlobalSection
EndGlobal
